// !$*UTF8*$!
{
	archiveVersion = 1;
	classes = {
	};
	objectVersion = 56;
	objects = {

/* Begin PBXBuildFile section */
		F6D1C61D2951B011008F6813 /* AppDelegate.swift in Sources */ = {isa = PBXBuildFile; fileRef = F6D1C61C2951B011008F6813 /* AppDelegate.swift */; };
		F6D1C61F2951B011008F6813 /* SceneDelegate.swift in Sources */ = {isa = PBXBuildFile; fileRef = F6D1C61E2951B011008F6813 /* SceneDelegate.swift */; };
		F6D1C6212951B011008F6813 /* ViewController.swift in Sources */ = {isa = PBXBuildFile; fileRef = F6D1C6202951B011008F6813 /* ViewController.swift */; };
		F6D1C6242951B011008F6813 /* Main.storyboard in Resources */ = {isa = PBXBuildFile; fileRef = F6D1C6222951B011008F6813 /* Main.storyboard */; };
		F6D1C6262951B013008F6813 /* Assets.xcassets in Resources */ = {isa = PBXBuildFile; fileRef = F6D1C6252951B013008F6813 /* Assets.xcassets */; };
		F6D1C6292951B013008F6813 /* LaunchScreen.storyboard in Resources */ = {isa = PBXBuildFile; fileRef = F6D1C6272951B013008F6813 /* LaunchScreen.storyboard */; };
		F6D1C6332951FA09008F6813 /* CollapsableCardView.swift in Sources */ = {isa = PBXBuildFile; fileRef = F6D1C6322951FA09008F6813 /* CollapsableCardView.swift */; };
		F6D1C6372951FC7F008F6813 /* CustomStackView.swift in Sources */ = {isa = PBXBuildFile; fileRef = F6D1C6362951FC7F008F6813 /* CustomStackView.swift */; };
		F6D1C6392951FE2D008F6813 /* CollapsableCardView.xib in Resources */ = {isa = PBXBuildFile; fileRef = F6D1C6382951FE2D008F6813 /* CollapsableCardView.xib */; };
		F6D1C63E29520E9B008F6813 /* CollapsedCardViewModel.swift in Sources */ = {isa = PBXBuildFile; fileRef = F6D1C63D29520E9B008F6813 /* CollapsedCardViewModel.swift */; };
/* End PBXBuildFile section */

/* Begin PBXFileReference section */
		F6D1C6192951B011008F6813 /* CollapsableStackView.app */ = {isa = PBXFileReference; explicitFileType = wrapper.application; includeInIndex = 0; path = CollapsableStackView.app; sourceTree = BUILT_PRODUCTS_DIR; };
		F6D1C61C2951B011008F6813 /* AppDelegate.swift */ = {isa = PBXFileReference; lastKnownFileType = sourcecode.swift; path = AppDelegate.swift; sourceTree = "<group>"; };
		F6D1C61E2951B011008F6813 /* SceneDelegate.swift */ = {isa = PBXFileReference; lastKnownFileType = sourcecode.swift; path = SceneDelegate.swift; sourceTree = "<group>"; };
		F6D1C6202951B011008F6813 /* ViewController.swift */ = {isa = PBXFileReference; lastKnownFileType = sourcecode.swift; path = ViewController.swift; sourceTree = "<group>"; };
		F6D1C6232951B011008F6813 /* Base */ = {isa = PBXFileReference; lastKnownFileType = file.storyboard; name = Base; path = Base.lproj/Main.storyboard; sourceTree = "<group>"; };
		F6D1C6252951B013008F6813 /* Assets.xcassets */ = {isa = PBXFileReference; lastKnownFileType = folder.assetcatalog; path = Assets.xcassets; sourceTree = "<group>"; };
		F6D1C6282951B013008F6813 /* Base */ = {isa = PBXFileReference; lastKnownFileType = file.storyboard; name = Base; path = Base.lproj/LaunchScreen.storyboard; sourceTree = "<group>"; };
		F6D1C62A2951B013008F6813 /* Info.plist */ = {isa = PBXFileReference; lastKnownFileType = text.plist.xml; path = Info.plist; sourceTree = "<group>"; };
		F6D1C6322951FA09008F6813 /* CollapsableCardView.swift */ = {isa = PBXFileReference; lastKnownFileType = sourcecode.swift; path = CollapsableCardView.swift; sourceTree = "<group>"; };
		F6D1C6362951FC7F008F6813 /* CustomStackView.swift */ = {isa = PBXFileReference; lastKnownFileType = sourcecode.swift; path = CustomStackView.swift; sourceTree = "<group>"; };
		F6D1C6382951FE2D008F6813 /* CollapsableCardView.xib */ = {isa = PBXFileReference; lastKnownFileType = file.xib; path = CollapsableCardView.xib; sourceTree = "<group>"; };
		F6D1C63D29520E9B008F6813 /* CollapsedCardViewModel.swift */ = {isa = PBXFileReference; lastKnownFileType = sourcecode.swift; path = CollapsedCardViewModel.swift; sourceTree = "<group>"; };
/* End PBXFileReference section */

/* Begin PBXFrameworksBuildPhase section */
		F6D1C6162951B011008F6813 /* Frameworks */ = {
			isa = PBXFrameworksBuildPhase;
			buildActionMask = 2147483647;
			files = (
			);
			runOnlyForDeploymentPostprocessing = 0;
		};
/* End PBXFrameworksBuildPhase section */

/* Begin PBXGroup section */
		F6D1C6102951B011008F6813 = {
			isa = PBXGroup;
			children = (
				F6D1C61B2951B011008F6813 /* CollapsableStackView */,
				F6D1C61A2951B011008F6813 /* Products */,
			);
			sourceTree = "<group>";
		};
		F6D1C61A2951B011008F6813 /* Products */ = {
			isa = PBXGroup;
			children = (
				F6D1C6192951B011008F6813 /* CollapsableStackView.app */,
			);
			name = Products;
			sourceTree = "<group>";
		};
		F6D1C61B2951B011008F6813 /* CollapsableStackView */ = {
			isa = PBXGroup;
			children = (
				F6D1C63C29520E82008F6813 /* Model */,
				F6D1C6312951F98C008F6813 /* ViewController */,
				F6D1C6302951F97E008F6813 /* View */,
				F6D1C61C2951B011008F6813 /* AppDelegate.swift */,
				F6D1C61E2951B011008F6813 /* SceneDelegate.swift */,
				F6D1C6222951B011008F6813 /* Main.storyboard */,
				F6D1C6252951B013008F6813 /* Assets.xcassets */,
				F6D1C6272951B013008F6813 /* LaunchScreen.storyboard */,
				F6D1C62A2951B013008F6813 /* Info.plist */,
			);
			path = CollapsableStackView;
			sourceTree = "<group>";
		};
		F6D1C6302951F97E008F6813 /* View */ = {
			isa = PBXGroup;
			children = (
				F6D1C6322951FA09008F6813 /* CollapsableCardView.swift */,
				F6D1C6362951FC7F008F6813 /* CustomStackView.swift */,
				F6D1C6382951FE2D008F6813 /* CollapsableCardView.xib */,
			);
			path = View;
			sourceTree = "<group>";
		};
		F6D1C6312951F98C008F6813 /* ViewController */ = {
			isa = PBXGroup;
			children = (
				F6D1C6202951B011008F6813 /* ViewController.swift */,
			);
			path = ViewController;
			sourceTree = "<group>";
		};
		F6D1C63C29520E82008F6813 /* Model */ = {
			isa = PBXGroup;
			children = (
				F6D1C63D29520E9B008F6813 /* CollapsedCardViewModel.swift */,
			);
			path = Model;
			sourceTree = "<group>";
		};
/* End PBXGroup section */

/* Begin PBXNativeTarget section */
		F6D1C6182951B011008F6813 /* CollapsableStackView */ = {
			isa = PBXNativeTarget;
			buildConfigurationList = F6D1C62D2951B013008F6813 /* Build configuration list for PBXNativeTarget "CollapsableStackView" */;
			buildPhases = (
				F6D1C6152951B011008F6813 /* Sources */,
				F6D1C6162951B011008F6813 /* Frameworks */,
				F6D1C6172951B011008F6813 /* Resources */,
			);
			buildRules = (
			);
			dependencies = (
			);
			name = CollapsableStackView;
			productName = CollapsableStackView;
			productReference = F6D1C6192951B011008F6813 /* CollapsableStackView.app */;
			productType = "com.apple.product-type.application";
		};
/* End PBXNativeTarget section */

/* Begin PBXProject section */
		F6D1C6112951B011008F6813 /* Project object */ = {
			isa = PBXProject;
			attributes = {
				BuildIndependentTargetsInParallel = 1;
				LastSwiftUpdateCheck = 1400;
				LastUpgradeCheck = 1400;
				TargetAttributes = {
					F6D1C6182951B011008F6813 = {
						CreatedOnToolsVersion = 14.0.1;
					};
				};
			};
			buildConfigurationList = F6D1C6142951B011008F6813 /* Build configuration list for PBXProject "CollapsableStackView" */;
			compatibilityVersion = "Xcode 14.0";
			developmentRegion = en;
			hasScannedForEncodings = 0;
			knownRegions = (
				en,
				Base,
			);
			mainGroup = F6D1C6102951B011008F6813;
			productRefGroup = F6D1C61A2951B011008F6813 /* Products */;
			projectDirPath = "";
			projectRoot = "";
			targets = (
				F6D1C6182951B011008F6813 /* CollapsableStackView */,
			);
		};
/* End PBXProject section */

/* Begin PBXResourcesBuildPhase section */
		F6D1C6172951B011008F6813 /* Resources */ = {
			isa = PBXResourcesBuildPhase;
			buildActionMask = 2147483647;
			files = (
				F6D1C6292951B013008F6813 /* LaunchScreen.storyboard in Resources */,
				F6D1C6262951B013008F6813 /* Assets.xcassets in Resources */,
				F6D1C6242951B011008F6813 /* Main.storyboard in Resources */,
				F6D1C6392951FE2D008F6813 /* CollapsableCardView.xib in Resources */,
			);
			runOnlyForDeploymentPostprocessing = 0;
		};
/* End PBXResourcesBuildPhase section */

/* Begin PBXSourcesBuildPhase section */
		F6D1C6152951B011008F6813 /* Sources */ = {
			isa = PBXSourcesBuildPhase;
			buildActionMask = 2147483647;
			files = (
				F6D1C6372951FC7F008F6813 /* CustomStackView.swift in Sources */,
				F6D1C6212951B011008F6813 /* ViewController.swift in Sources */,
				F6D1C61D2951B011008F6813 /* AppDelegate.swift in Sources */,
				F6D1C61F2951B011008F6813 /* SceneDelegate.swift in Sources */,
				F6D1C63E29520E9B008F6813 /* CollapsedCardViewModel.swift in Sources */,
				F6D1C6332951FA09008F6813 /* CollapsableCardView.swift in Sources */,
			);
			runOnlyForDeploymentPostprocessing = 0;
		};
/* End PBXSourcesBuildPhase section */

/* Begin PBXVariantGroup section */
		F6D1C6222951B011008F6813 /* Main.storyboard */ = {
			isa = PBXVariantGroup;
			children = (
				F6D1C6232951B011008F6813 /* Base */,
			);
			name = Main.storyboard;
			sourceTree = "<group>";
		};
		F6D1C6272951B013008F6813 /* LaunchScreen.storyboard */ = {
			isa = PBXVariantGroup;
			children = (
				F6D1C6282951B013008F6813 /* Base */,
			);
			name = LaunchScreen.storyboard;
			sourceTree = "<group>";
		};
/* End PBXVariantGroup section */

/* Begin XCBuildConfiguration section */
		F6D1C62B2951B013008F6813 /* Debug */ = {
			isa = XCBuildConfiguration;
			buildSettings = {
				ALWAYS_SEARCH_USER_PATHS = NO;
				CLANG_ANALYZER_NONNULL = YES;
				CLANG_ANALYZER_NUMBER_OBJECT_CONVERSION = YES_AGGRESSIVE;
				CLANG_CXX_LANGUAGE_STANDARD = "gnu++20";
				CLANG_ENABLE_MODULES = YES;
				CLANG_ENABLE_OBJC_ARC = YES;
				CLANG_ENABLE_OBJC_WEAK = YES;
				CLANG_WARN_BLOCK_CAPTURE_AUTORELEASING = YES;
				CLANG_WARN_BOOL_CONVERSION = YES;
				CLANG_WARN_COMMA = YES;
				CLANG_WARN_CONSTANT_CONVERSION = YES;
				CLANG_WARN_DEPRECATED_OBJC_IMPLEMENTATIONS = YES;
				CLANG_WARN_DIRECT_OBJC_ISA_USAGE = YES_ERROR;
				CLANG_WARN_DOCUMENTATION_COMMENTS = YES;
				CLANG_WARN_EMPTY_BODY = YES;
				CLANG_WARN_ENUM_CONVERSION = YES;
				CLANG_WARN_INFINITE_RECURSION = YES;
				CLANG_WARN_INT_CONVERSION = YES;
				CLANG_WARN_NON_LITERAL_NULL_CONVERSION = YES;
				CLANG_WARN_OBJC_IMPLICIT_RETAIN_SELF = YES;
				CLANG_WARN_OBJC_LITERAL_CONVERSION = YES;
				CLANG_WARN_OBJC_ROOT_CLASS = YES_ERROR;
				CLANG_WARN_QUOTED_INCLUDE_IN_FRAMEWORK_HEADER = YES;
				CLANG_WARN_RANGE_LOOP_ANALYSIS = YES;
				CLANG_WARN_STRICT_PROTOTYPES = YES;
				CLANG_WARN_SUSPICIOUS_MOVE = YES;
				CLANG_WARN_UNGUARDED_AVAILABILITY = YES_AGGRESSIVE;
				CLANG_WARN_UNREACHABLE_CODE = YES;
				CLANG_WARN__DUPLICATE_METHOD_MATCH = YES;
				COPY_PHASE_STRIP = NO;
				DEBUG_INFORMATION_FORMAT = dwarf;
				ENABLE_STRICT_OBJC_MSGSEND = YES;
				ENABLE_TESTABILITY = YES;
				GCC_C_LANGUAGE_STANDARD = gnu11;
				GCC_DYNAMIC_NO_PIC = NO;
				GCC_NO_COMMON_BLOCKS = YES;
				GCC_OPTIMIZATION_LEVEL = 0;
				GCC_PREPROCESSOR_DEFINITIONS = (
					"DEBUG=1",
					"$(inherited)",
				);
				GCC_WARN_64_TO_32_BIT_CONVERSION = YES;
				GCC_WARN_ABOUT_RETURN_TYPE = YES_ERROR;
				GCC_WARN_UNDECLARED_SELECTOR = YES;
				GCC_WARN_UNINITIALIZED_AUTOS = YES_AGGRESSIVE;
				GCC_WARN_UNUSED_FUNCTION = YES;
				GCC_WARN_UNUSED_VARIABLE = YES;
				IPHONEOS_DEPLOYMENT_TARGET = 16.0;
				MTL_ENABLE_DEBUG_INFO = INCLUDE_SOURCE;
				MTL_FAST_MATH = YES;
				ONLY_ACTIVE_ARCH = YES;
				SDKROOT = iphoneos;
				SWIFT_ACTIVE_COMPILATION_CONDITIONS = DEBUG;
				SWIFT_OPTIMIZATION_LEVEL = "-Onone";
			};
			name = Debug;
		};
		F6D1C62C2951B013008F6813 /* Release */ = {
			isa = XCBuildConfiguration;
			buildSettings = {
				ALWAYS_SEARCH_USER_PATHS = NO;
				CLANG_ANALYZER_NONNULL = YES;
				CLANG_ANALYZER_NUMBER_OBJECT_CONVERSION = YES_AGGRESSIVE;
				CLANG_CXX_LANGUAGE_STANDARD = "gnu++20";
				CLANG_ENABLE_MODULES = YES;
				CLANG_ENABLE_OBJC_ARC = YES;
				CLANG_ENABLE_OBJC_WEAK = YES;
				CLANG_WARN_BLOCK_CAPTURE_AUTORELEASING = YES;
				CLANG_WARN_BOOL_CONVERSION = YES;
				CLANG_WARN_COMMA = YES;
				CLANG_WARN_CONSTANT_CONVERSION = YES;
				CLANG_WARN_DEPRECATED_OBJC_IMPLEMENTATIONS = YES;
				CLANG_WARN_DIRECT_OBJC_ISA_USAGE = YES_ERROR;
				CLANG_WARN_DOCUMENTATION_COMMENTS = YES;
				CLANG_WARN_EMPTY_BODY = YES;
				CLANG_WARN_ENUM_CONVERSION = YES;
				CLANG_WARN_INFINITE_RECURSION = YES;
				CLANG_WARN_INT_CONVERSION = YES;
				CLANG_WARN_NON_LITERAL_NULL_CONVERSION = YES;
				CLANG_WARN_OBJC_IMPLICIT_RETAIN_SELF = YES;
				CLANG_WARN_OBJC_LITERAL_CONVERSION = YES;
				CLANG_WARN_OBJC_ROOT_CLASS = YES_ERROR;
				CLANG_WARN_QUOTED_INCLUDE_IN_FRAMEWORK_HEADER = YES;
				CLANG_WARN_RANGE_LOOP_ANALYSIS = YES;
				CLANG_WARN_STRICT_PROTOTYPES = YES;
				CLANG_WARN_SUSPICIOUS_MOVE = YES;
				CLANG_WARN_UNGUARDED_AVAILABILITY = YES_AGGRESSIVE;
				CLANG_WARN_UNREACHABLE_CODE = YES;
				CLANG_WARN__DUPLICATE_METHOD_MATCH = YES;
				COPY_PHASE_STRIP = NO;
				DEBUG_INFORMATION_FORMAT = "dwarf-with-dsym";
				ENABLE_NS_ASSERTIONS = NO;
				ENABLE_STRICT_OBJC_MSGSEND = YES;
				GCC_C_LANGUAGE_STANDARD = gnu11;
				GCC_NO_COMMON_BLOCKS = YES;
				GCC_WARN_64_TO_32_BIT_CONVERSION = YES;
				GCC_WARN_ABOUT_RETURN_TYPE = YES_ERROR;
				GCC_WARN_UNDECLARED_SELECTOR = YES;
				GCC_WARN_UNINITIALIZED_AUTOS = YES_AGGRESSIVE;
				GCC_WARN_UNUSED_FUNCTION = YES;
				GCC_WARN_UNUSED_VARIABLE = YES;
				IPHONEOS_DEPLOYMENT_TARGET = 16.0;
				MTL_ENABLE_DEBUG_INFO = NO;
				MTL_FAST_MATH = YES;
				SDKROOT = iphoneos;
				SWIFT_COMPILATION_MODE = wholemodule;
				SWIFT_OPTIMIZATION_LEVEL = "-O";
				VALIDATE_PRODUCT = YES;
			};
			name = Release;
		};
		F6D1C62E2951B013008F6813 /* Debug */ = {
			isa = XCBuildConfiguration;
			buildSettings = {
				ASSETCATALOG_COMPILER_APPICON_NAME = AppIcon;
				ASSETCATALOG_COMPILER_GLOBAL_ACCENT_COLOR_NAME = AccentColor;
				CODE_SIGN_STYLE = Automatic;
				CURRENT_PROJECT_VERSION = 1;
				DEVELOPMENT_TEAM = 72CM93X4CT;
				GENERATE_INFOPLIST_FILE = YES;
				INFOPLIST_FILE = CollapsableStackView/Info.plist;
				INFOPLIST_KEY_UIApplicationSupportsIndirectInputEvents = YES;
				INFOPLIST_KEY_UILaunchStoryboardName = LaunchScreen;
				INFOPLIST_KEY_UIMainStoryboardFile = Main;
				INFOPLIST_KEY_UISupportedInterfaceOrientations_iPad = "UIInterfaceOrientationPortrait UIInterfaceOrientationPortraitUpsideDown UIInterfaceOrientationLandscapeLeft UIInterfaceOrientationLandscapeRight";
				INFOPLIST_KEY_UISupportedInterfaceOrientations_iPhone = "UIInterfaceOrientationPortrait UIInterfaceOrientationLandscapeLeft UIInterfaceOrientationLandscapeRight";
				LD_RUNPATH_SEARCH_PATHS = (
					"$(inherited)",
					"@executable_path/Frameworks",
				);
				MARKETING_VERSION = 1.0;
				PRODUCT_BUNDLE_IDENTIFIER = com.himani.CollapsableStackView;
				PRODUCT_NAME = "$(TARGET_NAME)";
				SUPPORTED_PLATFORMS = "iphoneos iphonesimulator";
				SUPPORTS_MACCATALYST = NO;
				SUPPORTS_MAC_DESIGNED_FOR_IPHONE_IPAD = NO;
				SWIFT_EMIT_LOC_STRINGS = YES;
				SWIFT_VERSION = 5.0;
				TARGETED_DEVICE_FAMILY = 1;
			};
			name = Debug;
		};
		F6D1C62F2951B013008F6813 /* Release */ = {
			isa = XCBuildConfiguration;
			buildSettings = {
				ASSETCATALOG_COMPILER_APPICON_NAME = AppIcon;
				ASSETCATALOG_COMPILER_GLOBAL_ACCENT_COLOR_NAME = AccentColor;
				CODE_SIGN_STYLE = Automatic;
				CURRENT_PROJECT_VERSION = 1;
				DEVELOPMENT_TEAM = 72CM93X4CT;
				GENERATE_INFOPLIST_FILE = YES;
				INFOPLIST_FILE = CollapsableStackView/Info.plist;
				INFOPLIST_KEY_UIApplicationSupportsIndirectInputEvents = YES;
				INFOPLIST_KEY_UILaunchStoryboardName = LaunchScreen;
				INFOPLIST_KEY_UIMainStoryboardFile = Main;
				INFOPLIST_KEY_UISupportedInterfaceOrientations_iPad = "UIInterfaceOrientationPortrait UIInterfaceOrientationPortraitUpsideDown UIInterfaceOrientationLandscapeLeft UIInterfaceOrientationLandscapeRight";
				INFOPLIST_KEY_UISupportedInterfaceOrientations_iPhone = "UIInterfaceOrientationPortrait UIInterfaceOrientationLandscapeLeft UIInterfaceOrientationLandscapeRight";
				LD_RUNPATH_SEARCH_PATHS = (
					"$(inherited)",
					"@executable_path/Frameworks",
				);
				MARKETING_VERSION = 1.0;
				PRODUCT_BUNDLE_IDENTIFIER = com.himani.CollapsableStackView;
				PRODUCT_NAME = "$(TARGET_NAME)";
				SUPPORTED_PLATFORMS = "iphoneos iphonesimulator";
				SUPPORTS_MACCATALYST = NO;
				SUPPORTS_MAC_DESIGNED_FOR_IPHONE_IPAD = NO;
				SWIFT_EMIT_LOC_STRINGS = YES;
				SWIFT_VERSION = 5.0;
				TARGETED_DEVICE_FAMILY = 1;
			};
			name = Release;
		};
/* End XCBuildConfiguration section */

/* Begin XCConfigurationList section */
		F6D1C6142951B011008F6813 /* Build configuration list for PBXProject "CollapsableStackView" */ = {
			isa = XCConfigurationList;
			buildConfigurations = (
				F6D1C62B2951B013008F6813 /* Debug */,
				F6D1C62C2951B013008F6813 /* Release */,
			);
			defaultConfigurationIsVisible = 0;
			defaultConfigurationName = Release;
		};
		F6D1C62D2951B013008F6813 /* Build configuration list for PBXNativeTarget "CollapsableStackView" */ = {
			isa = XCConfigurationList;
			buildConfigurations = (
				F6D1C62E2951B013008F6813 /* Debug */,
				F6D1C62F2951B013008F6813 /* Release */,
			);
			defaultConfigurationIsVisible = 0;
			defaultConfigurationName = Release;
		};
/* End XCConfigurationList section */
	};
	rootObject = F6D1C6112951B011008F6813 /* Project object */;
}
